
Microsoft Visual Studio Solution File, Format Version 12.00
# Visual Studio 15
VisualStudioVersion = 15.0.27703.2026
MinimumVisualStudioVersion = 10.0.40219.1
Project("{FAE04EC0-301F-11D3-BF4B-00C04F79EFBC}") = "ParkAssist", "ParkAssist\ParkAssist.csproj", "{78A60BAF-158D-4A5C-B0AD-98AA5C7675B7}"
EndProject
Global
	GlobalSection(SolutionConfigurationPlatforms) = preSolution
		Debug|Any CPU = Debug|Any CPU
		Release|Any CPU = Release|Any CPU
	EndGlobalSection
	GlobalSection(ProjectConfigurationPlatforms) = postSolution
		{78A60BAF-158D-4A5C-B0AD-98AA5C7675B7}.Debug|Any CPU.ActiveCfg = Debug|Any CPU
		{78A60BAF-158D-4A5C-B0AD-98AA5C7675B7}.Debug|Any CPU.Build.0 = Debug|Any CPU
		{78A60BAF-158D-4A5C-B0AD-98AA5C7675B7}.Release|Any CPU.ActiveCfg = Release|Any CPU
		{78A60BAF-158D-4A5C-B0AD-98AA5C7675B7}.Release|Any CPU.Build.0 = Release|Any CPU
	EndGlobalSection
	GlobalSection(SolutionProperties) = preSolution
		HideSolutionNode = FALSE
	EndGlobalSection
	GlobalSection(ExtensibilityGlobals) = postSolution
		SolutionGuid = {048934DB-42C8-45F0-B1DE-889BFED1C47F}
	EndGlobalSection
EndGlobal
